
Microsoft Visual Studio Solution File, Format Version 12.00
# Visual Studio Version 16
VisualStudioVersion = 16.0.28705.295
MinimumVisualStudioVersion = 10.0.40219.1
Project("{9A19103F-16F7-4668-BE54-9A1E7A4F7556}") = "Types", "Types\Types.csproj", "{2BA0D322-244B-4DE6-8FC8-54CE8B56B6D8}"
EndProject
Project("{9A19103F-16F7-4668-BE54-9A1E7A4F7556}") = "Types.Test", "Types.Test\Types.Test.csproj", "{F20CD4BD-9BD2-4A98-BC3E-75C9CA8048B5}"
EndProject
Project("{9A19103F-16F7-4668-BE54-9A1E7A4F7556}") = "MeasureCore.Domain", "MeasureCore.Domain\MeasureCore.Domain.csproj", "{307F6966-3362-4B35-B5F4-7C1FA544A17C}"
EndProject
Project("{9A19103F-16F7-4668-BE54-9A1E7A4F7556}") = "ConsoleApp", "ConsoleApp\ConsoleApp.csproj", "{1A8D2EC2-376C-44E4-9C09-62FA4DA229FD}"
EndProject
Project("{9A19103F-16F7-4668-BE54-9A1E7A4F7556}") = "MeasureCore.Data", "MeasureCore.Data\MeasureCore.Data.csproj", "{63B554FE-79F4-460E-9A8D-09EBEFC9E960}"
EndProject
Project("{9A19103F-16F7-4668-BE54-9A1E7A4F7556}") = "MeasureCore.MVC", "MeasureCore.MVC\MeasureCore.MVC.csproj", "{DBE77B90-1E51-4195-9DF0-62CC9D6A52EA}"
EndProject
Project("{E53339B2-1760-4266-BCC7-CA923CBCF16C}") = "docker-compose", "docker-compose.dcproj", "{FEA0C318-FFED-4D39-8781-265718CA43DD}"
EndProject
Project("{2150E333-8FDC-42A3-9474-1A3956D46DE8}") = "BuildingBlocks", "BuildingBlocks", "{AD65805F-496A-42F9-B0F2-06728EF6852F}"
EndProject
Project("{9A19103F-16F7-4668-BE54-9A1E7A4F7556}") = "Extensions.WebHost", "BuildingBlocks\WebHost.Extensions\Extensions.WebHost.csproj", "{DAEAC23A-4EAC-4F83-8300-44922B39A99A}"
EndProject
Project("{FAE04EC0-301F-11D3-BF4B-00C04F79EFBC}") = "MeasureCore.WinForms", "MeasureCore.WinForms\MeasureCore.WinForms.csproj", "{28987619-00B7-447D-8BF5-88E6B0BBE108}"
EndProject
Global
	GlobalSection(SolutionConfigurationPlatforms) = preSolution
		Debug|Any CPU = Debug|Any CPU
		Release|Any CPU = Release|Any CPU
	EndGlobalSection
	GlobalSection(ProjectConfigurationPlatforms) = postSolution
		{2BA0D322-244B-4DE6-8FC8-54CE8B56B6D8}.Debug|Any CPU.ActiveCfg = Debug|Any CPU
		{2BA0D322-244B-4DE6-8FC8-54CE8B56B6D8}.Debug|Any CPU.Build.0 = Debug|Any CPU
		{2BA0D322-244B-4DE6-8FC8-54CE8B56B6D8}.Release|Any CPU.ActiveCfg = Release|Any CPU
		{2BA0D322-244B-4DE6-8FC8-54CE8B56B6D8}.Release|Any CPU.Build.0 = Release|Any CPU
		{F20CD4BD-9BD2-4A98-BC3E-75C9CA8048B5}.Debug|Any CPU.ActiveCfg = Debug|Any CPU
		{F20CD4BD-9BD2-4A98-BC3E-75C9CA8048B5}.Debug|Any CPU.Build.0 = Debug|Any CPU
		{F20CD4BD-9BD2-4A98-BC3E-75C9CA8048B5}.Release|Any CPU.ActiveCfg = Release|Any CPU
		{F20CD4BD-9BD2-4A98-BC3E-75C9CA8048B5}.Release|Any CPU.Build.0 = Release|Any CPU
		{307F6966-3362-4B35-B5F4-7C1FA544A17C}.Debug|Any CPU.ActiveCfg = Debug|Any CPU
		{307F6966-3362-4B35-B5F4-7C1FA544A17C}.Debug|Any CPU.Build.0 = Debug|Any CPU
		{307F6966-3362-4B35-B5F4-7C1FA544A17C}.Release|Any CPU.ActiveCfg = Release|Any CPU
		{307F6966-3362-4B35-B5F4-7C1FA544A17C}.Release|Any CPU.Build.0 = Release|Any CPU
		{1A8D2EC2-376C-44E4-9C09-62FA4DA229FD}.Debug|Any CPU.ActiveCfg = Debug|Any CPU
		{1A8D2EC2-376C-44E4-9C09-62FA4DA229FD}.Debug|Any CPU.Build.0 = Debug|Any CPU
		{1A8D2EC2-376C-44E4-9C09-62FA4DA229FD}.Release|Any CPU.ActiveCfg = Release|Any CPU
		{1A8D2EC2-376C-44E4-9C09-62FA4DA229FD}.Release|Any CPU.Build.0 = Release|Any CPU
		{63B554FE-79F4-460E-9A8D-09EBEFC9E960}.Debug|Any CPU.ActiveCfg = Debug|Any CPU
		{63B554FE-79F4-460E-9A8D-09EBEFC9E960}.Debug|Any CPU.Build.0 = Debug|Any CPU
		{63B554FE-79F4-460E-9A8D-09EBEFC9E960}.Release|Any CPU.ActiveCfg = Release|Any CPU
		{63B554FE-79F4-460E-9A8D-09EBEFC9E960}.Release|Any CPU.Build.0 = Release|Any CPU
		{DBE77B90-1E51-4195-9DF0-62CC9D6A52EA}.Debug|Any CPU.ActiveCfg = Debug|Any CPU
		{DBE77B90-1E51-4195-9DF0-62CC9D6A52EA}.Debug|Any CPU.Build.0 = Debug|Any CPU
		{DBE77B90-1E51-4195-9DF0-62CC9D6A52EA}.Release|Any CPU.ActiveCfg = Release|Any CPU
		{DBE77B90-1E51-4195-9DF0-62CC9D6A52EA}.Release|Any CPU.Build.0 = Release|Any CPU
		{FEA0C318-FFED-4D39-8781-265718CA43DD}.Debug|Any CPU.ActiveCfg = Debug|Any CPU
		{FEA0C318-FFED-4D39-8781-265718CA43DD}.Debug|Any CPU.Build.0 = Debug|Any CPU
		{FEA0C318-FFED-4D39-8781-265718CA43DD}.Release|Any CPU.ActiveCfg = Release|Any CPU
		{FEA0C318-FFED-4D39-8781-265718CA43DD}.Release|Any CPU.Build.0 = Release|Any CPU
		{DAEAC23A-4EAC-4F83-8300-44922B39A99A}.Debug|Any CPU.ActiveCfg = Debug|Any CPU
		{DAEAC23A-4EAC-4F83-8300-44922B39A99A}.Debug|Any CPU.Build.0 = Debug|Any CPU
		{DAEAC23A-4EAC-4F83-8300-44922B39A99A}.Release|Any CPU.ActiveCfg = Release|Any CPU
		{DAEAC23A-4EAC-4F83-8300-44922B39A99A}.Release|Any CPU.Build.0 = Release|Any CPU
		{28987619-00B7-447D-8BF5-88E6B0BBE108}.Debug|Any CPU.ActiveCfg = Debug|Any CPU
		{28987619-00B7-447D-8BF5-88E6B0BBE108}.Debug|Any CPU.Build.0 = Debug|Any CPU
		{28987619-00B7-447D-8BF5-88E6B0BBE108}.Release|Any CPU.ActiveCfg = Release|Any CPU
		{28987619-00B7-447D-8BF5-88E6B0BBE108}.Release|Any CPU.Build.0 = Release|Any CPU
	EndGlobalSection
	GlobalSection(SolutionProperties) = preSolution
		HideSolutionNode = FALSE
	EndGlobalSection
	GlobalSection(NestedProjects) = preSolution
		{DAEAC23A-4EAC-4F83-8300-44922B39A99A} = {AD65805F-496A-42F9-B0F2-06728EF6852F}
	EndGlobalSection
	GlobalSection(ExtensibilityGlobals) = postSolution
		SolutionGuid = {A778CD26-0DEF-42E5-9995-3B86AA2656EC}
	EndGlobalSection
EndGlobal
